<Solution>
  <Folder Name="/src/">
    <Project Path="src/RagDemo.Api/RagDemo.Api.csproj" />
    <Project Path="src/RagDemo.Application/RagDemo.Application.csproj" />
    <Project Path="src/RagDemo.Domain/RagDemo.Domain.csproj" />
    <Project Path="src/RagDemo.Infrastructure/RagDemo.Infrastructure.csproj" />
  </Folder>
  <Folder Name="/tests/">
    <Project Path="tests/RagDemo.Tests/RagDemo.Tests.csproj" />
  </Folder>
</Solution>
